
Microsoft Visual Studio Solution File, Format Version 12.00
# Visual Studio Version 17
VisualStudioVersion = 17.11.35303.130
MinimumVisualStudioVersion = 10.0.40219.1
Project("{FAE04EC0-301F-11D3-BF4B-00C04F79EFBC}") = "BookInfoExtractor", "BookInfoExtractor.csproj", "{4A1CF776-D6E7-49F0-8BA7-DA64936C5502}"
EndProject
Global
	GlobalSection(SolutionConfigurationPlatforms) = preSolution
		Debug|Any CPU = Debug|Any CPU
		Release|Any CPU = Release|Any CPU
	EndGlobalSection
	GlobalSection(ProjectConfigurationPlatforms) = postSolution
		{4A1CF776-D6E7-49F0-8BA7-DA64936C5502}.Debug|Any CPU.ActiveCfg = Debug|Any CPU
		{4A1CF776-D6E7-49F0-8BA7-DA64936C5502}.Debug|Any CPU.Build.0 = Debug|Any CPU
		{4A1CF776-D6E7-49F0-8BA7-DA64936C5502}.Release|Any CPU.ActiveCfg = Release|Any CPU
		{4A1CF776-D6E7-49F0-8BA7-DA64936C5502}.Release|Any CPU.Build.0 = Release|Any CPU
	EndGlobalSection
	GlobalSection(SolutionProperties) = preSolution
		HideSolutionNode = FALSE
	EndGlobalSection
	GlobalSection(ExtensibilityGlobals) = postSolution
		SolutionGuid = {F04DCF2E-24D9-4CB5-AD0E-077AB47254DE}
	EndGlobalSection
EndGlobal
